
Microsoft Visual Studio Solution File, Format Version 12.00
# Visual Studio 15
VisualStudioVersion = 15.0.28307.329
MinimumVisualStudioVersion = 10.0.40219.1
Project("{888888A0-9F3D-457C-B088-3A5042F75D52}") = "test_npl", "test_npl\test_npl.pyproj", "{3B491754-E8EB-4466-A258-77C87B3FAC36}"
EndProject
Global
	GlobalSection(SolutionConfigurationPlatforms) = preSolution
		Debug|Any CPU = Debug|Any CPU
		Release|Any CPU = Release|Any CPU
	EndGlobalSection
	GlobalSection(ProjectConfigurationPlatforms) = postSolution
		{3B491754-E8EB-4466-A258-77C87B3FAC36}.Debug|Any CPU.ActiveCfg = Debug|Any CPU
		{3B491754-E8EB-4466-A258-77C87B3FAC36}.Release|Any CPU.ActiveCfg = Release|Any CPU
	EndGlobalSection
	GlobalSection(SolutionProperties) = preSolution
		HideSolutionNode = FALSE
	EndGlobalSection
	GlobalSection(ExtensibilityGlobals) = postSolution
		SolutionGuid = {BF98B754-7EAB-4AF3-B9A3-9EF5E1B44076}
	EndGlobalSection
EndGlobal
